
Microsoft Visual Studio Solution File, Format Version 12.00
# Visual Studio Version 17
VisualStudioVersion = 17.3.32929.385
MinimumVisualStudioVersion = 10.0.40219.1
Project("{2150E333-8FDC-42A3-9474-1A3956D46DE8}") = "xuexi", "xuexi", "{0E874679-E006-43F4-AD6A-9AD588443360}"
EndProject
Project("{888888A0-9F3D-457C-B088-3A5042F75D52}") = "choujiang", "..\choujiang\choujiang.pyproj", "{CFBC048B-B101-47B5-B96E-F123A22FE5F8}"
EndProject
Project("{2150E333-8FDC-42A3-9474-1A3956D46DE8}") = "dianzan", "dianzan", "{99867EFE-780D-4BA4-9347-C3D9CE1046C3}"
EndProject
Project("{2150E333-8FDC-42A3-9474-1A3956D46DE8}") = "choujiang", "choujiang", "{3C80057A-0971-4A09-8A16-8127168C3808}"
EndProject
Project("{888888A0-9F3D-457C-B088-3A5042F75D52}") = "dianzan", "..\dianzan\dianzan.pyproj", "{4A255220-DD32-49BC-BF5A-136763DE7B0D}"
EndProject
Global
	GlobalSection(SolutionConfigurationPlatforms) = preSolution
		Debug|Any CPU = Debug|Any CPU
		Release|Any CPU = Release|Any CPU
	EndGlobalSection
	GlobalSection(ProjectConfigurationPlatforms) = postSolution
		{CFBC048B-B101-47B5-B96E-F123A22FE5F8}.Debug|Any CPU.ActiveCfg = Debug|Any CPU
		{CFBC048B-B101-47B5-B96E-F123A22FE5F8}.Release|Any CPU.ActiveCfg = Release|Any CPU
		{4A255220-DD32-49BC-BF5A-136763DE7B0D}.Debug|Any CPU.ActiveCfg = Debug|Any CPU
		{4A255220-DD32-49BC-BF5A-136763DE7B0D}.Release|Any CPU.ActiveCfg = Release|Any CPU
	EndGlobalSection
	GlobalSection(SolutionProperties) = preSolution
		HideSolutionNode = FALSE
	EndGlobalSection
	GlobalSection(NestedProjects) = preSolution
		{CFBC048B-B101-47B5-B96E-F123A22FE5F8} = {3C80057A-0971-4A09-8A16-8127168C3808}
		{99867EFE-780D-4BA4-9347-C3D9CE1046C3} = {0E874679-E006-43F4-AD6A-9AD588443360}
		{3C80057A-0971-4A09-8A16-8127168C3808} = {0E874679-E006-43F4-AD6A-9AD588443360}
		{4A255220-DD32-49BC-BF5A-136763DE7B0D} = {99867EFE-780D-4BA4-9347-C3D9CE1046C3}
	EndGlobalSection
	GlobalSection(ExtensibilityGlobals) = postSolution
		SolutionGuid = {F7DEBCA4-9DD5-407E-89BF-1EC3A6C3280D}
	EndGlobalSection
EndGlobal
