
Microsoft Visual Studio Solution File, Format Version 12.00
# Visual Studio Version 17
VisualStudioVersion = 17.3.32929.385
MinimumVisualStudioVersion = 10.0.40219.1
Project("{8BC9CEB8-8B4A-11D0-8D11-00A0C91BC942}") = "contact", "contact\contact.vcxproj", "{086AF7C3-2269-4881-92F2-277E53B92A2E}"
EndProject
Global
	GlobalSection(SolutionConfigurationPlatforms) = preSolution
		Debug|x64 = Debug|x64
		Debug|x86 = Debug|x86
		Release|x64 = Release|x64
		Release|x86 = Release|x86
	EndGlobalSection
	GlobalSection(ProjectConfigurationPlatforms) = postSolution
		{086AF7C3-2269-4881-92F2-277E53B92A2E}.Debug|x64.ActiveCfg = Debug|x64
		{086AF7C3-2269-4881-92F2-277E53B92A2E}.Debug|x64.Build.0 = Debug|x64
		{086AF7C3-2269-4881-92F2-277E53B92A2E}.Debug|x86.ActiveCfg = Debug|Win32
		{086AF7C3-2269-4881-92F2-277E53B92A2E}.Debug|x86.Build.0 = Debug|Win32
		{086AF7C3-2269-4881-92F2-277E53B92A2E}.Release|x64.ActiveCfg = Release|x64
		{086AF7C3-2269-4881-92F2-277E53B92A2E}.Release|x64.Build.0 = Release|x64
		{086AF7C3-2269-4881-92F2-277E53B92A2E}.Release|x86.ActiveCfg = Release|Win32
		{086AF7C3-2269-4881-92F2-277E53B92A2E}.Release|x86.Build.0 = Release|Win32
	EndGlobalSection
	GlobalSection(SolutionProperties) = preSolution
		HideSolutionNode = FALSE
	EndGlobalSection
	GlobalSection(ExtensibilityGlobals) = postSolution
		SolutionGuid = {A0D99AFE-4E12-443A-AF10-1A5ED92EFCA5}
	EndGlobalSection
EndGlobal
